
Microsoft Visual Studio Solution File, Format Version 12.00
# Visual Studio Version 16
VisualStudioVersion = 16.0.30204.135
MinimumVisualStudioVersion = 10.0.40219.1
Project("{FAE04EC0-301F-11D3-BF4B-00C04F79EFBC}") = "tablaMultiplicar", "tablaMultiplicar\tablaMultiplicar.csproj", "{3D3B410B-29DA-49EC-BE5F-8B0C4272EE1A}"
EndProject
Global
	GlobalSection(SolutionConfigurationPlatforms) = preSolution
		Debug|Any CPU = Debug|Any CPU
		Release|Any CPU = Release|Any CPU
	EndGlobalSection
	GlobalSection(ProjectConfigurationPlatforms) = postSolution
		{3D3B410B-29DA-49EC-BE5F-8B0C4272EE1A}.Debug|Any CPU.ActiveCfg = Debug|Any CPU
		{3D3B410B-29DA-49EC-BE5F-8B0C4272EE1A}.Debug|Any CPU.Build.0 = Debug|Any CPU
		{3D3B410B-29DA-49EC-BE5F-8B0C4272EE1A}.Release|Any CPU.ActiveCfg = Release|Any CPU
		{3D3B410B-29DA-49EC-BE5F-8B0C4272EE1A}.Release|Any CPU.Build.0 = Release|Any CPU
	EndGlobalSection
	GlobalSection(SolutionProperties) = preSolution
		HideSolutionNode = FALSE
	EndGlobalSection
	GlobalSection(ExtensibilityGlobals) = postSolution
		SolutionGuid = {E7C61AB4-2E59-4374-9FCC-18247B1439EE}
	EndGlobalSection
EndGlobal
